
Microsoft Visual Studio Solution File, Format Version 12.00
Project("{2150E333-8FDC-42A3-9474-1A3956D46DE8}") = "Frameworks", "Frameworks", "{E64DC8B8-55EA-4D2F-A06E-A5CE7FBDD19B}"
EndProject
Project("{2150E333-8FDC-42A3-9474-1A3956D46DE8}") = "src", "src", "{FEF51E9E-5E39-40BC-B2F8-274AE2C28617}"
EndProject
Project("{FAE04EC0-301F-11D3-BF4B-00C04F79EFBC}") = "Novino", "Frameworks\src\Novino\Novino.csproj", "{C8D1ABB7-C75B-4694-9CBC-903276AFCD7E}"
EndProject
Project("{2150E333-8FDC-42A3-9474-1A3956D46DE8}") = "Demos", "Demos", "{891180F1-274D-4D59-82D9-053345196697}"
EndProject
Project("{2150E333-8FDC-42A3-9474-1A3956D46DE8}") = "src", "src", "{BAA1255C-263B-4219-B471-6871B4C9805C}"
EndProject
Project("{FAE04EC0-301F-11D3-BF4B-00C04F79EFBC}") = "Novino.Demo.Web", "Demos\src\Novino.Demo.Web\Novino.Demo.Web.csproj", "{46AB83A5-55B6-4D8B-B786-BC1419A33DF3}"
EndProject
Project("{2150E333-8FDC-42A3-9474-1A3956D46DE8}") = "tests", "tests", "{1675C84C-7125-4EEF-9F16-3524EEFEEBF4}"
EndProject
Project("{FAE04EC0-301F-11D3-BF4B-00C04F79EFBC}") = "Novino.Test", "Frameworks\tests\Novino.Test\Novino.Test.csproj", "{52FB847D-0AD1-4E5A-9D3B-0AB2979360EC}"
EndProject
Project("{FAE04EC0-301F-11D3-BF4B-00C04F79EFBC}") = "Novino.Endpoints", "Frameworks\src\Novino.Endpoints\Novino.Endpoints.csproj", "{7F18DF68-3FD0-49D8-94DC-61E22AFBD113}"
EndProject
Project("{FAE04EC0-301F-11D3-BF4B-00C04F79EFBC}") = "Novino.Scheduler.Quartz", "Frameworks\src\Novino.Scheduler.Quartz\Novino.Scheduler.Quartz.csproj", "{47381479-91A2-4101-AE40-79D547376A7D}"
EndProject
Project("{FAE04EC0-301F-11D3-BF4B-00C04F79EFBC}") = "Novino.Swagger", "Frameworks\src\Novino.Swagger\Novino.Swagger.csproj", "{1C1076E2-70D0-4046-939A-D700E0D512AA}"
EndProject
Project("{FAE04EC0-301F-11D3-BF4B-00C04F79EFBC}") = "Novino.Swagger.Endpoints", "Frameworks\src\Novino.Swagger.Endpoints\Novino.Swagger.Endpoints.csproj", "{20703573-22D4-4CA1-AC19-BBC0EDF75FB0}"
EndProject
Global
	GlobalSection(SolutionConfigurationPlatforms) = preSolution
		Debug|Any CPU = Debug|Any CPU
		Release|Any CPU = Release|Any CPU
	EndGlobalSection
	GlobalSection(ProjectConfigurationPlatforms) = postSolution
		{C8D1ABB7-C75B-4694-9CBC-903276AFCD7E}.Debug|Any CPU.ActiveCfg = Debug|Any CPU
		{C8D1ABB7-C75B-4694-9CBC-903276AFCD7E}.Debug|Any CPU.Build.0 = Debug|Any CPU
		{C8D1ABB7-C75B-4694-9CBC-903276AFCD7E}.Release|Any CPU.ActiveCfg = Release|Any CPU
		{C8D1ABB7-C75B-4694-9CBC-903276AFCD7E}.Release|Any CPU.Build.0 = Release|Any CPU
		{46AB83A5-55B6-4D8B-B786-BC1419A33DF3}.Debug|Any CPU.ActiveCfg = Debug|Any CPU
		{46AB83A5-55B6-4D8B-B786-BC1419A33DF3}.Debug|Any CPU.Build.0 = Debug|Any CPU
		{46AB83A5-55B6-4D8B-B786-BC1419A33DF3}.Release|Any CPU.ActiveCfg = Release|Any CPU
		{46AB83A5-55B6-4D8B-B786-BC1419A33DF3}.Release|Any CPU.Build.0 = Release|Any CPU
		{52FB847D-0AD1-4E5A-9D3B-0AB2979360EC}.Debug|Any CPU.ActiveCfg = Debug|Any CPU
		{52FB847D-0AD1-4E5A-9D3B-0AB2979360EC}.Debug|Any CPU.Build.0 = Debug|Any CPU
		{52FB847D-0AD1-4E5A-9D3B-0AB2979360EC}.Release|Any CPU.ActiveCfg = Release|Any CPU
		{52FB847D-0AD1-4E5A-9D3B-0AB2979360EC}.Release|Any CPU.Build.0 = Release|Any CPU
		{7F18DF68-3FD0-49D8-94DC-61E22AFBD113}.Debug|Any CPU.ActiveCfg = Debug|Any CPU
		{7F18DF68-3FD0-49D8-94DC-61E22AFBD113}.Debug|Any CPU.Build.0 = Debug|Any CPU
		{7F18DF68-3FD0-49D8-94DC-61E22AFBD113}.Release|Any CPU.ActiveCfg = Release|Any CPU
		{7F18DF68-3FD0-49D8-94DC-61E22AFBD113}.Release|Any CPU.Build.0 = Release|Any CPU
		{47381479-91A2-4101-AE40-79D547376A7D}.Debug|Any CPU.ActiveCfg = Debug|Any CPU
		{47381479-91A2-4101-AE40-79D547376A7D}.Debug|Any CPU.Build.0 = Debug|Any CPU
		{47381479-91A2-4101-AE40-79D547376A7D}.Release|Any CPU.ActiveCfg = Release|Any CPU
		{47381479-91A2-4101-AE40-79D547376A7D}.Release|Any CPU.Build.0 = Release|Any CPU
		{1C1076E2-70D0-4046-939A-D700E0D512AA}.Debug|Any CPU.ActiveCfg = Debug|Any CPU
		{1C1076E2-70D0-4046-939A-D700E0D512AA}.Debug|Any CPU.Build.0 = Debug|Any CPU
		{1C1076E2-70D0-4046-939A-D700E0D512AA}.Release|Any CPU.ActiveCfg = Release|Any CPU
		{1C1076E2-70D0-4046-939A-D700E0D512AA}.Release|Any CPU.Build.0 = Release|Any CPU
		{20703573-22D4-4CA1-AC19-BBC0EDF75FB0}.Debug|Any CPU.ActiveCfg = Debug|Any CPU
		{20703573-22D4-4CA1-AC19-BBC0EDF75FB0}.Debug|Any CPU.Build.0 = Debug|Any CPU
		{20703573-22D4-4CA1-AC19-BBC0EDF75FB0}.Release|Any CPU.ActiveCfg = Release|Any CPU
		{20703573-22D4-4CA1-AC19-BBC0EDF75FB0}.Release|Any CPU.Build.0 = Release|Any CPU
	EndGlobalSection
	GlobalSection(NestedProjects) = preSolution
		{FEF51E9E-5E39-40BC-B2F8-274AE2C28617} = {E64DC8B8-55EA-4D2F-A06E-A5CE7FBDD19B}
		{C8D1ABB7-C75B-4694-9CBC-903276AFCD7E} = {FEF51E9E-5E39-40BC-B2F8-274AE2C28617}
		{BAA1255C-263B-4219-B471-6871B4C9805C} = {891180F1-274D-4D59-82D9-053345196697}
		{46AB83A5-55B6-4D8B-B786-BC1419A33DF3} = {BAA1255C-263B-4219-B471-6871B4C9805C}
		{1675C84C-7125-4EEF-9F16-3524EEFEEBF4} = {E64DC8B8-55EA-4D2F-A06E-A5CE7FBDD19B}
		{52FB847D-0AD1-4E5A-9D3B-0AB2979360EC} = {1675C84C-7125-4EEF-9F16-3524EEFEEBF4}
		{7F18DF68-3FD0-49D8-94DC-61E22AFBD113} = {FEF51E9E-5E39-40BC-B2F8-274AE2C28617}
		{47381479-91A2-4101-AE40-79D547376A7D} = {FEF51E9E-5E39-40BC-B2F8-274AE2C28617}
		{1C1076E2-70D0-4046-939A-D700E0D512AA} = {FEF51E9E-5E39-40BC-B2F8-274AE2C28617}
		{20703573-22D4-4CA1-AC19-BBC0EDF75FB0} = {FEF51E9E-5E39-40BC-B2F8-274AE2C28617}
	EndGlobalSection
EndGlobal
